// !$*UTF8*$!
{
	archiveVersion = 1;
	classes = {
	};
	objectVersion = 55;
	objects = {

/* Begin PBXBuildFile section */
		912691702BFE8AE400CC8EAE /* AppDelegate.swift in Sources */ = {isa = PBXBuildFile; fileRef = 9126916F2BFE8AE400CC8EAE /* AppDelegate.swift */; };
		912691722BFE8AE400CC8EAE /* SceneDelegate.swift in Sources */ = {isa = PBXBuildFile; fileRef = 912691712BFE8AE400CC8EAE /* SceneDelegate.swift */; };
		912691742BFE8AE400CC8EAE /* iniciarSesionViewController.swift in Sources */ = {isa = PBXBuildFile; fileRef = 912691732BFE8AE400CC8EAE /* iniciarSesionViewController.swift */; };
		912691772BFE8AE400CC8EAE /* Main.storyboard in Resources */ = {isa = PBXBuildFile; fileRef = 912691752BFE8AE400CC8EAE /* Main.storyboard */; };
		912691792BFE8AE500CC8EAE /* Assets.xcassets in Resources */ = {isa = PBXBuildFile; fileRef = 912691782BFE8AE500CC8EAE /* Assets.xcassets */; };
		9126917C2BFE8AE500CC8EAE /* LaunchScreen.storyboard in Resources */ = {isa = PBXBuildFile; fileRef = 9126917A2BFE8AE500CC8EAE /* LaunchScreen.storyboard */; };
		914C696F2C0769E40086551A /* FirebaseAnalytics in Frameworks */ = {isa = PBXBuildFile; productRef = 914C696E2C0769E40086551A /* FirebaseAnalytics */; };
		914C69712C0769E40086551A /* FirebaseAnalyticsWithoutAdIdSupport in Frameworks */ = {isa = PBXBuildFile; productRef = 914C69702C0769E40086551A /* FirebaseAnalyticsWithoutAdIdSupport */; };
		914C69732C0769E40086551A /* FirebaseAuth in Frameworks */ = {isa = PBXBuildFile; productRef = 914C69722C0769E40086551A /* FirebaseAuth */; };
		914C69752C0769E40086551A /* FirebaseDatabase in Frameworks */ = {isa = PBXBuildFile; productRef = 914C69742C0769E40086551A /* FirebaseDatabase */; };
		914C69772C0769E40086551A /* FirebaseStorage in Frameworks */ = {isa = PBXBuildFile; productRef = 914C69762C0769E40086551A /* FirebaseStorage */; };
		91EC60362BFE8E5700EAE85E /* GoogleService-Info.plist in Resources */ = {isa = PBXBuildFile; fileRef = 91EC60352BFE8E5700EAE85E /* GoogleService-Info.plist */; };
/* End PBXBuildFile section */

/* Begin PBXFileReference section */
		9126916C2BFE8AE400CC8EAE /* ManchegoSnapchat.app */ = {isa = PBXFileReference; explicitFileType = wrapper.application; includeInIndex = 0; path = ManchegoSnapchat.app; sourceTree = BUILT_PRODUCTS_DIR; };
		9126916F2BFE8AE400CC8EAE /* AppDelegate.swift */ = {isa = PBXFileReference; lastKnownFileType = sourcecode.swift; path = AppDelegate.swift; sourceTree = "<group>"; };
		912691712BFE8AE400CC8EAE /* SceneDelegate.swift */ = {isa = PBXFileReference; lastKnownFileType = sourcecode.swift; path = SceneDelegate.swift; sourceTree = "<group>"; };
		912691732BFE8AE400CC8EAE /* iniciarSesionViewController.swift */ = {isa = PBXFileReference; lastKnownFileType = sourcecode.swift; path = iniciarSesionViewController.swift; sourceTree = "<group>"; };
		912691762BFE8AE400CC8EAE /* Base */ = {isa = PBXFileReference; lastKnownFileType = file.storyboard; name = Base; path = Base.lproj/Main.storyboard; sourceTree = "<group>"; };
		912691782BFE8AE500CC8EAE /* Assets.xcassets */ = {isa = PBXFileReference; lastKnownFileType = folder.assetcatalog; path = Assets.xcassets; sourceTree = "<group>"; };
		9126917B2BFE8AE500CC8EAE /* Base */ = {isa = PBXFileReference; lastKnownFileType = file.storyboard; name = Base; path = Base.lproj/LaunchScreen.storyboard; sourceTree = "<group>"; };
		9126917D2BFE8AE500CC8EAE /* Info.plist */ = {isa = PBXFileReference; lastKnownFileType = text.plist.xml; path = Info.plist; sourceTree = "<group>"; };
		91EC60352BFE8E5700EAE85E /* GoogleService-Info.plist */ = {isa = PBXFileReference; fileEncoding = 4; lastKnownFileType = text.plist.xml; name = "GoogleService-Info.plist"; path = "../../../../Downloads/GoogleService-Info.plist"; sourceTree = "<group>"; };
/* End PBXFileReference section */

/* Begin PBXFrameworksBuildPhase section */
		912691692BFE8AE400CC8EAE /* Frameworks */ = {
			isa = PBXFrameworksBuildPhase;
			buildActionMask = 2147483647;
			files = (
				914C696F2C0769E40086551A /* FirebaseAnalytics in Frameworks */,
				914C69732C0769E40086551A /* FirebaseAuth in Frameworks */,
				914C69752C0769E40086551A /* FirebaseDatabase in Frameworks */,
				914C69772C0769E40086551A /* FirebaseStorage in Frameworks */,
				914C69712C0769E40086551A /* FirebaseAnalyticsWithoutAdIdSupport in Frameworks */,
			);
			runOnlyForDeploymentPostprocessing = 0;
		};
/* End PBXFrameworksBuildPhase section */

/* Begin PBXGroup section */
		912691632BFE8AE400CC8EAE = {
			isa = PBXGroup;
			children = (
				9126916E2BFE8AE400CC8EAE /* ManchegoSnapchat */,
				9126916D2BFE8AE400CC8EAE /* Products */,
			);
			sourceTree = "<group>";
		};
		9126916D2BFE8AE400CC8EAE /* Products */ = {
			isa = PBXGroup;
			children = (
				9126916C2BFE8AE400CC8EAE /* ManchegoSnapchat.app */,
			);
			name = Products;
			sourceTree = "<group>";
		};
		9126916E2BFE8AE400CC8EAE /* ManchegoSnapchat */ = {
			isa = PBXGroup;
			children = (
				9126916F2BFE8AE400CC8EAE /* AppDelegate.swift */,
				912691712BFE8AE400CC8EAE /* SceneDelegate.swift */,
				912691732BFE8AE400CC8EAE /* iniciarSesionViewController.swift */,
				912691752BFE8AE400CC8EAE /* Main.storyboard */,
				912691782BFE8AE500CC8EAE /* Assets.xcassets */,
				9126917A2BFE8AE500CC8EAE /* LaunchScreen.storyboard */,
				9126917D2BFE8AE500CC8EAE /* Info.plist */,
				91EC60352BFE8E5700EAE85E /* GoogleService-Info.plist */,
			);
			path = ManchegoSnapchat;
			sourceTree = "<group>";
		};
/* End PBXGroup section */

/* Begin PBXNativeTarget section */
		9126916B2BFE8AE400CC8EAE /* ManchegoSnapchat */ = {
			isa = PBXNativeTarget;
			buildConfigurationList = 912691802BFE8AE500CC8EAE /* Build configuration list for PBXNativeTarget "ManchegoSnapchat" */;
			buildPhases = (
				912691682BFE8AE400CC8EAE /* Sources */,
				912691692BFE8AE400CC8EAE /* Frameworks */,
				9126916A2BFE8AE400CC8EAE /* Resources */,
			);
			buildRules = (
			);
			dependencies = (
			);
			name = ManchegoSnapchat;
			packageProductDependencies = (
				914C696E2C0769E40086551A /* FirebaseAnalytics */,
				914C69702C0769E40086551A /* FirebaseAnalyticsWithoutAdIdSupport */,
				914C69722C0769E40086551A /* FirebaseAuth */,
				914C69742C0769E40086551A /* FirebaseDatabase */,
				914C69762C0769E40086551A /* FirebaseStorage */,
			);
			productName = ManchegoSnapchat;
			productReference = 9126916C2BFE8AE400CC8EAE /* ManchegoSnapchat.app */;
			productType = "com.apple.product-type.application";
		};
/* End PBXNativeTarget section */

/* Begin PBXProject section */
		912691642BFE8AE400CC8EAE /* Project object */ = {
			isa = PBXProject;
			attributes = {
				BuildIndependentTargetsInParallel = 1;
				LastSwiftUpdateCheck = 1340;
				LastUpgradeCheck = 1340;
				TargetAttributes = {
					9126916B2BFE8AE400CC8EAE = {
						CreatedOnToolsVersion = 13.4.1;
					};
				};
			};
			buildConfigurationList = 912691672BFE8AE400CC8EAE /* Build configuration list for PBXProject "ManchegoSnapchat" */;
			compatibilityVersion = "Xcode 13.0";
			developmentRegion = en;
			hasScannedForEncodings = 0;
			knownRegions = (
				en,
				Base,
			);
			mainGroup = 912691632BFE8AE400CC8EAE;
			packageReferences = (
				914C696D2C0769E40086551A /* XCRemoteSwiftPackageReference "firebase-ios-sdk" */,
			);
			productRefGroup = 9126916D2BFE8AE400CC8EAE /* Products */;
			projectDirPath = "";
			projectRoot = "";
			targets = (
				9126916B2BFE8AE400CC8EAE /* ManchegoSnapchat */,
			);
		};
/* End PBXProject section */

/* Begin PBXResourcesBuildPhase section */
		9126916A2BFE8AE400CC8EAE /* Resources */ = {
			isa = PBXResourcesBuildPhase;
			buildActionMask = 2147483647;
			files = (
				9126917C2BFE8AE500CC8EAE /* LaunchScreen.storyboard in Resources */,
				91EC60362BFE8E5700EAE85E /* GoogleService-Info.plist in Resources */,
				912691792BFE8AE500CC8EAE /* Assets.xcassets in Resources */,
				912691772BFE8AE400CC8EAE /* Main.storyboard in Resources */,
			);
			runOnlyForDeploymentPostprocessing = 0;
		};
/* End PBXResourcesBuildPhase section */

/* Begin PBXSourcesBuildPhase section */
		912691682BFE8AE400CC8EAE /* Sources */ = {
			isa = PBXSourcesBuildPhase;
			buildActionMask = 2147483647;
			files = (
				912691742BFE8AE400CC8EAE /* iniciarSesionViewController.swift in Sources */,
				912691702BFE8AE400CC8EAE /* AppDelegate.swift in Sources */,
				912691722BFE8AE400CC8EAE /* SceneDelegate.swift in Sources */,
			);
			runOnlyForDeploymentPostprocessing = 0;
		};
/* End PBXSourcesBuildPhase section */

/* Begin PBXVariantGroup section */
		912691752BFE8AE400CC8EAE /* Main.storyboard */ = {
			isa = PBXVariantGroup;
			children = (
				912691762BFE8AE400CC8EAE /* Base */,
			);
			name = Main.storyboard;
			sourceTree = "<group>";
		};
		9126917A2BFE8AE500CC8EAE /* LaunchScreen.storyboard */ = {
			isa = PBXVariantGroup;
			children = (
				9126917B2BFE8AE500CC8EAE /* Base */,
			);
			name = LaunchScreen.storyboard;
			sourceTree = "<group>";
		};
/* End PBXVariantGroup section */

/* Begin XCBuildConfiguration section */
		9126917E2BFE8AE500CC8EAE /* Debug */ = {
			isa = XCBuildConfiguration;
			buildSettings = {
				ALWAYS_SEARCH_USER_PATHS = NO;
				CLANG_ANALYZER_NONNULL = YES;
				CLANG_ANALYZER_NUMBER_OBJECT_CONVERSION = YES_AGGRESSIVE;
				CLANG_CXX_LANGUAGE_STANDARD = "gnu++17";
				CLANG_ENABLE_MODULES = YES;
				CLANG_ENABLE_OBJC_ARC = YES;
				CLANG_ENABLE_OBJC_WEAK = YES;
				CLANG_WARN_BLOCK_CAPTURE_AUTORELEASING = YES;
				CLANG_WARN_BOOL_CONVERSION = YES;
				CLANG_WARN_COMMA = YES;
				CLANG_WARN_CONSTANT_CONVERSION = YES;
				CLANG_WARN_DEPRECATED_OBJC_IMPLEMENTATIONS = YES;
				CLANG_WARN_DIRECT_OBJC_ISA_USAGE = YES_ERROR;
				CLANG_WARN_DOCUMENTATION_COMMENTS = YES;
				CLANG_WARN_EMPTY_BODY = YES;
				CLANG_WARN_ENUM_CONVERSION = YES;
				CLANG_WARN_INFINITE_RECURSION = YES;
				CLANG_WARN_INT_CONVERSION = YES;
				CLANG_WARN_NON_LITERAL_NULL_CONVERSION = YES;
				CLANG_WARN_OBJC_IMPLICIT_RETAIN_SELF = YES;
				CLANG_WARN_OBJC_LITERAL_CONVERSION = YES;
				CLANG_WARN_OBJC_ROOT_CLASS = YES_ERROR;
				CLANG_WARN_QUOTED_INCLUDE_IN_FRAMEWORK_HEADER = YES;
				CLANG_WARN_RANGE_LOOP_ANALYSIS = YES;
				CLANG_WARN_STRICT_PROTOTYPES = YES;
				CLANG_WARN_SUSPICIOUS_MOVE = YES;
				CLANG_WARN_UNGUARDED_AVAILABILITY = YES_AGGRESSIVE;
				CLANG_WARN_UNREACHABLE_CODE = YES;
				CLANG_WARN__DUPLICATE_METHOD_MATCH = YES;
				COPY_PHASE_STRIP = NO;
				DEBUG_INFORMATION_FORMAT = dwarf;
				ENABLE_STRICT_OBJC_MSGSEND = YES;
				ENABLE_TESTABILITY = YES;
				GCC_C_LANGUAGE_STANDARD = gnu11;
				GCC_DYNAMIC_NO_PIC = NO;
				GCC_NO_COMMON_BLOCKS = YES;
				GCC_OPTIMIZATION_LEVEL = 0;
				GCC_PREPROCESSOR_DEFINITIONS = (
					"DEBUG=1",
					"$(inherited)",
				);
				GCC_WARN_64_TO_32_BIT_CONVERSION = YES;
				GCC_WARN_ABOUT_RETURN_TYPE = YES_ERROR;
				GCC_WARN_UNDECLARED_SELECTOR = YES;
				GCC_WARN_UNINITIALIZED_AUTOS = YES_AGGRESSIVE;
				GCC_WARN_UNUSED_FUNCTION = YES;
				GCC_WARN_UNUSED_VARIABLE = YES;
				IPHONEOS_DEPLOYMENT_TARGET = 15.5;
				MTL_ENABLE_DEBUG_INFO = INCLUDE_SOURCE;
				MTL_FAST_MATH = YES;
				ONLY_ACTIVE_ARCH = YES;
				SDKROOT = iphoneos;
				SWIFT_ACTIVE_COMPILATION_CONDITIONS = DEBUG;
				SWIFT_OPTIMIZATION_LEVEL = "-Onone";
			};
			name = Debug;
		};
		9126917F2BFE8AE500CC8EAE /* Release */ = {
			isa = XCBuildConfiguration;
			buildSettings = {
				ALWAYS_SEARCH_USER_PATHS = NO;
				CLANG_ANALYZER_NONNULL = YES;
				CLANG_ANALYZER_NUMBER_OBJECT_CONVERSION = YES_AGGRESSIVE;
				CLANG_CXX_LANGUAGE_STANDARD = "gnu++17";
				CLANG_ENABLE_MODULES = YES;
				CLANG_ENABLE_OBJC_ARC = YES;
				CLANG_ENABLE_OBJC_WEAK = YES;
				CLANG_WARN_BLOCK_CAPTURE_AUTORELEASING = YES;
				CLANG_WARN_BOOL_CONVERSION = YES;
				CLANG_WARN_COMMA = YES;
				CLANG_WARN_CONSTANT_CONVERSION = YES;
				CLANG_WARN_DEPRECATED_OBJC_IMPLEMENTATIONS = YES;
				CLANG_WARN_DIRECT_OBJC_ISA_USAGE = YES_ERROR;
				CLANG_WARN_DOCUMENTATION_COMMENTS = YES;
				CLANG_WARN_EMPTY_BODY = YES;
				CLANG_WARN_ENUM_CONVERSION = YES;
				CLANG_WARN_INFINITE_RECURSION = YES;
				CLANG_WARN_INT_CONVERSION = YES;
				CLANG_WARN_NON_LITERAL_NULL_CONVERSION = YES;
				CLANG_WARN_OBJC_IMPLICIT_RETAIN_SELF = YES;
				CLANG_WARN_OBJC_LITERAL_CONVERSION = YES;
				CLANG_WARN_OBJC_ROOT_CLASS = YES_ERROR;
				CLANG_WARN_QUOTED_INCLUDE_IN_FRAMEWORK_HEADER = YES;
				CLANG_WARN_RANGE_LOOP_ANALYSIS = YES;
				CLANG_WARN_STRICT_PROTOTYPES = YES;
				CLANG_WARN_SUSPICIOUS_MOVE = YES;
				CLANG_WARN_UNGUARDED_AVAILABILITY = YES_AGGRESSIVE;
				CLANG_WARN_UNREACHABLE_CODE = YES;
				CLANG_WARN__DUPLICATE_METHOD_MATCH = YES;
				COPY_PHASE_STRIP = NO;
				DEBUG_INFORMATION_FORMAT = "dwarf-with-dsym";
				ENABLE_NS_ASSERTIONS = NO;
				ENABLE_STRICT_OBJC_MSGSEND = YES;
				GCC_C_LANGUAGE_STANDARD = gnu11;
				GCC_NO_COMMON_BLOCKS = YES;
				GCC_WARN_64_TO_32_BIT_CONVERSION = YES;
				GCC_WARN_ABOUT_RETURN_TYPE = YES_ERROR;
				GCC_WARN_UNDECLARED_SELECTOR = YES;
				GCC_WARN_UNINITIALIZED_AUTOS = YES_AGGRESSIVE;
				GCC_WARN_UNUSED_FUNCTION = YES;
				GCC_WARN_UNUSED_VARIABLE = YES;
				IPHONEOS_DEPLOYMENT_TARGET = 15.5;
				MTL_ENABLE_DEBUG_INFO = NO;
				MTL_FAST_MATH = YES;
				SDKROOT = iphoneos;
				SWIFT_COMPILATION_MODE = wholemodule;
				SWIFT_OPTIMIZATION_LEVEL = "-O";
				VALIDATE_PRODUCT = YES;
			};
			name = Release;
		};
		912691812BFE8AE500CC8EAE /* Debug */ = {
			isa = XCBuildConfiguration;
			buildSettings = {
				ASSETCATALOG_COMPILER_APPICON_NAME = AppIcon;
				ASSETCATALOG_COMPILER_GLOBAL_ACCENT_COLOR_NAME = AccentColor;
				CODE_SIGN_STYLE = Automatic;
				CURRENT_PROJECT_VERSION = 1;
				GENERATE_INFOPLIST_FILE = YES;
				INFOPLIST_FILE = ManchegoSnapchat/Info.plist;
				INFOPLIST_KEY_UIApplicationSupportsIndirectInputEvents = YES;
				INFOPLIST_KEY_UILaunchStoryboardName = LaunchScreen;
				INFOPLIST_KEY_UIMainStoryboardFile = Main;
				INFOPLIST_KEY_UISupportedInterfaceOrientations_iPad = "UIInterfaceOrientationPortrait UIInterfaceOrientationPortraitUpsideDown UIInterfaceOrientationLandscapeLeft UIInterfaceOrientationLandscapeRight";
				INFOPLIST_KEY_UISupportedInterfaceOrientations_iPhone = "UIInterfaceOrientationPortrait UIInterfaceOrientationLandscapeLeft UIInterfaceOrientationLandscapeRight";
				LD_RUNPATH_SEARCH_PATHS = (
					"$(inherited)",
					"@executable_path/Frameworks",
				);
				MARKETING_VERSION = 1.0;
				PRODUCT_BUNDLE_IDENTIFIER = com.miempresa.ManchegoSnapchat;
				PRODUCT_NAME = "$(TARGET_NAME)";
				SWIFT_EMIT_LOC_STRINGS = YES;
				SWIFT_VERSION = 5.0;
				TARGETED_DEVICE_FAMILY = "1,2";
			};
			name = Debug;
		};
		912691822BFE8AE500CC8EAE /* Release */ = {
			isa = XCBuildConfiguration;
			buildSettings = {
				ASSETCATALOG_COMPILER_APPICON_NAME = AppIcon;
				ASSETCATALOG_COMPILER_GLOBAL_ACCENT_COLOR_NAME = AccentColor;
				CODE_SIGN_STYLE = Automatic;
				CURRENT_PROJECT_VERSION = 1;
				GENERATE_INFOPLIST_FILE = YES;
				INFOPLIST_FILE = ManchegoSnapchat/Info.plist;
				INFOPLIST_KEY_UIApplicationSupportsIndirectInputEvents = YES;
				INFOPLIST_KEY_UILaunchStoryboardName = LaunchScreen;
				INFOPLIST_KEY_UIMainStoryboardFile = Main;
				INFOPLIST_KEY_UISupportedInterfaceOrientations_iPad = "UIInterfaceOrientationPortrait UIInterfaceOrientationPortraitUpsideDown UIInterfaceOrientationLandscapeLeft UIInterfaceOrientationLandscapeRight";
				INFOPLIST_KEY_UISupportedInterfaceOrientations_iPhone = "UIInterfaceOrientationPortrait UIInterfaceOrientationLandscapeLeft UIInterfaceOrientationLandscapeRight";
				LD_RUNPATH_SEARCH_PATHS = (
					"$(inherited)",
					"@executable_path/Frameworks",
				);
				MARKETING_VERSION = 1.0;
				PRODUCT_BUNDLE_IDENTIFIER = com.miempresa.ManchegoSnapchat;
				PRODUCT_NAME = "$(TARGET_NAME)";
				SWIFT_EMIT_LOC_STRINGS = YES;
				SWIFT_VERSION = 5.0;
				TARGETED_DEVICE_FAMILY = "1,2";
			};
			name = Release;
		};
/* End XCBuildConfiguration section */

/* Begin XCConfigurationList section */
		912691672BFE8AE400CC8EAE /* Build configuration list for PBXProject "ManchegoSnapchat" */ = {
			isa = XCConfigurationList;
			buildConfigurations = (
				9126917E2BFE8AE500CC8EAE /* Debug */,
				9126917F2BFE8AE500CC8EAE /* Release */,
			);
			defaultConfigurationIsVisible = 0;
			defaultConfigurationName = Release;
		};
		912691802BFE8AE500CC8EAE /* Build configuration list for PBXNativeTarget "ManchegoSnapchat" */ = {
			isa = XCConfigurationList;
			buildConfigurations = (
				912691812BFE8AE500CC8EAE /* Debug */,
				912691822BFE8AE500CC8EAE /* Release */,
			);
			defaultConfigurationIsVisible = 0;
			defaultConfigurationName = Release;
		};
/* End XCConfigurationList section */

/* Begin XCRemoteSwiftPackageReference section */
		914C696D2C0769E40086551A /* XCRemoteSwiftPackageReference "firebase-ios-sdk" */ = {
			isa = XCRemoteSwiftPackageReference;
			repositoryURL = "https://github.com/firebase/firebase-ios-sdk";
			requirement = {
				kind = versionRange;
				maximumVersion = 10.0.0;
				minimumVersion = 9.0.0;
			};
		};
/* End XCRemoteSwiftPackageReference section */

/* Begin XCSwiftPackageProductDependency section */
		914C696E2C0769E40086551A /* FirebaseAnalytics */ = {
			isa = XCSwiftPackageProductDependency;
			package = 914C696D2C0769E40086551A /* XCRemoteSwiftPackageReference "firebase-ios-sdk" */;
			productName = FirebaseAnalytics;
		};
		914C69702C0769E40086551A /* FirebaseAnalyticsWithoutAdIdSupport */ = {
			isa = XCSwiftPackageProductDependency;
			package = 914C696D2C0769E40086551A /* XCRemoteSwiftPackageReference "firebase-ios-sdk" */;
			productName = FirebaseAnalyticsWithoutAdIdSupport;
		};
		914C69722C0769E40086551A /* FirebaseAuth */ = {
			isa = XCSwiftPackageProductDependency;
			package = 914C696D2C0769E40086551A /* XCRemoteSwiftPackageReference "firebase-ios-sdk" */;
			productName = FirebaseAuth;
		};
		914C69742C0769E40086551A /* FirebaseDatabase */ = {
			isa = XCSwiftPackageProductDependency;
			package = 914C696D2C0769E40086551A /* XCRemoteSwiftPackageReference "firebase-ios-sdk" */;
			productName = FirebaseDatabase;
		};
		914C69762C0769E40086551A /* FirebaseStorage */ = {
			isa = XCSwiftPackageProductDependency;
			package = 914C696D2C0769E40086551A /* XCRemoteSwiftPackageReference "firebase-ios-sdk" */;
			productName = FirebaseStorage;
		};
/* End XCSwiftPackageProductDependency section */
	};
	rootObject = 912691642BFE8AE400CC8EAE /* Project object */;
}
